
Microsoft Visual Studio Solution File, Format Version 12.00
# Visual Studio Version 16
VisualStudioVersion = 16.0.30503.244
MinimumVisualStudioVersion = 10.0.40219.1
Project("{9A19103F-16F7-4668-BE54-9A1E7A4F7556}") = "CampIntro(back)", "CampIntro(back)\CampIntro(back).csproj", "{EBEC4109-5E97-461B-BD7C-A005E0737832}"
EndProject
Project("{9A19103F-16F7-4668-BE54-9A1E7A4F7556}") = "Loops", "Loops\Loops.csproj", "{EE0FCEBD-FBDE-48EB-AC72-72E4B2A4B546}"
EndProject
Project("{9A19103F-16F7-4668-BE54-9A1E7A4F7556}") = "ClassIntro(back)", "ClassIntro(back)\ClassIntro(back).csproj", "{58A862F2-9679-4C06-A4A3-EE4D3F1EC639}"
EndProject
Project("{9A19103F-16F7-4668-BE54-9A1E7A4F7556}") = "Methods(back)", "Methods(back)\Methods(back).csproj", "{E9C7D118-B448-4B82-936B-254CC01A40AD}"
EndProject
Project("{9A19103F-16F7-4668-BE54-9A1E7A4F7556}") = "Matematik", "Matematik\Matematik.csproj", "{9A592E6F-7639-4479-829A-DCA132D1AB4E}"
EndProject
Project("{9A19103F-16F7-4668-BE54-9A1E7A4F7556}") = "DegerVeReferansTipler(back)", "DegerVeReferansTipler\DegerVeReferansTipler(back).csproj", "{A8A8A14C-E018-4F5E-832B-7D0B64BBEC1D}"
EndProject
Project("{FAE04EC0-301F-11D3-BF4B-00C04F79EFBC}") = "OOP1", "OOP1\OOP1.csproj", "{ECDBB248-84EB-44FE-840E-70D0F32EE9EB}"
EndProject
Project("{FAE04EC0-301F-11D3-BF4B-00C04F79EFBC}") = "Collections", "Collections\Collections.csproj", "{F9E9260F-091F-48B0-95CE-71338CAC1F94}"
EndProject
Project("{FAE04EC0-301F-11D3-BF4B-00C04F79EFBC}") = "GenericsIntroBack", "GenericsIntroBack\GenericsIntroBack.csproj", "{00C9C7C8-9897-4173-8D55-C283BB131CE1}"
EndProject
Global
	GlobalSection(SolutionConfigurationPlatforms) = preSolution
		Debug|Any CPU = Debug|Any CPU
		Release|Any CPU = Release|Any CPU
	EndGlobalSection
	GlobalSection(ProjectConfigurationPlatforms) = postSolution
		{EBEC4109-5E97-461B-BD7C-A005E0737832}.Debug|Any CPU.ActiveCfg = Debug|Any CPU
		{EBEC4109-5E97-461B-BD7C-A005E0737832}.Debug|Any CPU.Build.0 = Debug|Any CPU
		{EBEC4109-5E97-461B-BD7C-A005E0737832}.Release|Any CPU.ActiveCfg = Release|Any CPU
		{EBEC4109-5E97-461B-BD7C-A005E0737832}.Release|Any CPU.Build.0 = Release|Any CPU
		{EE0FCEBD-FBDE-48EB-AC72-72E4B2A4B546}.Debug|Any CPU.ActiveCfg = Debug|Any CPU
		{EE0FCEBD-FBDE-48EB-AC72-72E4B2A4B546}.Debug|Any CPU.Build.0 = Debug|Any CPU
		{EE0FCEBD-FBDE-48EB-AC72-72E4B2A4B546}.Release|Any CPU.ActiveCfg = Release|Any CPU
		{EE0FCEBD-FBDE-48EB-AC72-72E4B2A4B546}.Release|Any CPU.Build.0 = Release|Any CPU
		{58A862F2-9679-4C06-A4A3-EE4D3F1EC639}.Debug|Any CPU.ActiveCfg = Debug|Any CPU
		{58A862F2-9679-4C06-A4A3-EE4D3F1EC639}.Debug|Any CPU.Build.0 = Debug|Any CPU
		{58A862F2-9679-4C06-A4A3-EE4D3F1EC639}.Release|Any CPU.ActiveCfg = Release|Any CPU
		{58A862F2-9679-4C06-A4A3-EE4D3F1EC639}.Release|Any CPU.Build.0 = Release|Any CPU
		{E9C7D118-B448-4B82-936B-254CC01A40AD}.Debug|Any CPU.ActiveCfg = Debug|Any CPU
		{E9C7D118-B448-4B82-936B-254CC01A40AD}.Debug|Any CPU.Build.0 = Debug|Any CPU
		{E9C7D118-B448-4B82-936B-254CC01A40AD}.Release|Any CPU.ActiveCfg = Release|Any CPU
		{E9C7D118-B448-4B82-936B-254CC01A40AD}.Release|Any CPU.Build.0 = Release|Any CPU
		{9A592E6F-7639-4479-829A-DCA132D1AB4E}.Debug|Any CPU.ActiveCfg = Debug|Any CPU
		{9A592E6F-7639-4479-829A-DCA132D1AB4E}.Debug|Any CPU.Build.0 = Debug|Any CPU
		{9A592E6F-7639-4479-829A-DCA132D1AB4E}.Release|Any CPU.ActiveCfg = Release|Any CPU
		{9A592E6F-7639-4479-829A-DCA132D1AB4E}.Release|Any CPU.Build.0 = Release|Any CPU
		{A8A8A14C-E018-4F5E-832B-7D0B64BBEC1D}.Debug|Any CPU.ActiveCfg = Debug|Any CPU
		{A8A8A14C-E018-4F5E-832B-7D0B64BBEC1D}.Debug|Any CPU.Build.0 = Debug|Any CPU
		{A8A8A14C-E018-4F5E-832B-7D0B64BBEC1D}.Release|Any CPU.ActiveCfg = Release|Any CPU
		{A8A8A14C-E018-4F5E-832B-7D0B64BBEC1D}.Release|Any CPU.Build.0 = Release|Any CPU
		{ECDBB248-84EB-44FE-840E-70D0F32EE9EB}.Debug|Any CPU.ActiveCfg = Debug|Any CPU
		{ECDBB248-84EB-44FE-840E-70D0F32EE9EB}.Debug|Any CPU.Build.0 = Debug|Any CPU
		{ECDBB248-84EB-44FE-840E-70D0F32EE9EB}.Release|Any CPU.ActiveCfg = Release|Any CPU
		{ECDBB248-84EB-44FE-840E-70D0F32EE9EB}.Release|Any CPU.Build.0 = Release|Any CPU
		{F9E9260F-091F-48B0-95CE-71338CAC1F94}.Debug|Any CPU.ActiveCfg = Debug|Any CPU
		{F9E9260F-091F-48B0-95CE-71338CAC1F94}.Debug|Any CPU.Build.0 = Debug|Any CPU
		{F9E9260F-091F-48B0-95CE-71338CAC1F94}.Release|Any CPU.ActiveCfg = Release|Any CPU
		{F9E9260F-091F-48B0-95CE-71338CAC1F94}.Release|Any CPU.Build.0 = Release|Any CPU
		{00C9C7C8-9897-4173-8D55-C283BB131CE1}.Debug|Any CPU.ActiveCfg = Debug|Any CPU
		{00C9C7C8-9897-4173-8D55-C283BB131CE1}.Debug|Any CPU.Build.0 = Debug|Any CPU
		{00C9C7C8-9897-4173-8D55-C283BB131CE1}.Release|Any CPU.ActiveCfg = Release|Any CPU
		{00C9C7C8-9897-4173-8D55-C283BB131CE1}.Release|Any CPU.Build.0 = Release|Any CPU
	EndGlobalSection
	GlobalSection(SolutionProperties) = preSolution
		HideSolutionNode = FALSE
	EndGlobalSection
	GlobalSection(ExtensibilityGlobals) = postSolution
		SolutionGuid = {E678BAEA-5E48-4017-BD31-2BC1F9E0831F}
	EndGlobalSection
EndGlobal
